<Solution>
  <Folder Name="/Solution Items/">
    <File Path=".editorconfig" />
    <File Path=".gitattributes" />
    <File Path=".github/workflows/Apache.Calcite.Cosmos.yml" />
    <File Path=".gitignore" />
    <File Path="Apache.Calcite.Cosmos.dist.msbuildproj" />
    <File Path="Directory.Build.props" />
    <File Path="Directory.Build.targets" />
    <File Path="GitVersion.yml" />
    <File Path="global.json" />
    <File Path="icon.png" />
    <File Path="LICENSE.txt" />
    <File Path="README.md" />
  </Folder>
  <Folder Name="/src/">
    <Project Path="src/Apache.Calcite.Cosmos.Adapter/Apache.Calcite.Cosmos.Adapter.csproj" />
    <Project Path="src/Apache.Calcite.Cosmos.Adapter.Tests/Apache.Calcite.Cosmos.Adapter.Tests.csproj" />
    <Project Path="src/Apache.Calcite.Cosmos.Benchmarks/Apache.Calcite.Cosmos.Benchmarks.csproj" />
  </Folder>
  <Folder Name="/samples/">
    <Project Path="samples/Apache.Cosmos.Sample/Apache.Cosmos.Sample.csproj" />
  </Folder>
  <Folder Name="/src/dist/">
    <Project Path="src/dist-nuget/dist-nuget.csproj" />
    <Project Path="src/dist-tests/dist-tests.csproj" />
  </Folder>
</Solution>
